
Microsoft Visual Studio Solution File, Format Version 12.00
# Visual Studio Version 17
VisualStudioVersion = 17.2.32519.379
MinimumVisualStudioVersion = 10.0.40219.1
Project("{FAE04EC0-301F-11D3-BF4B-00C04F79EFBC}") = "pryRodriguezVerduleros", "pryRodriguezVerduleros.csproj", "{BB3510C3-669C-4A15-B199-06BC793F4082}"
EndProject
Global
	GlobalSection(SolutionConfigurationPlatforms) = preSolution
		Debug|Any CPU = Debug|Any CPU
		Release|Any CPU = Release|Any CPU
	EndGlobalSection
	GlobalSection(ProjectConfigurationPlatforms) = postSolution
		{BB3510C3-669C-4A15-B199-06BC793F4082}.Debug|Any CPU.ActiveCfg = Debug|Any CPU
		{BB3510C3-669C-4A15-B199-06BC793F4082}.Debug|Any CPU.Build.0 = Debug|Any CPU
		{BB3510C3-669C-4A15-B199-06BC793F4082}.Release|Any CPU.ActiveCfg = Release|Any CPU
		{BB3510C3-669C-4A15-B199-06BC793F4082}.Release|Any CPU.Build.0 = Release|Any CPU
	EndGlobalSection
	GlobalSection(SolutionProperties) = preSolution
		HideSolutionNode = FALSE
	EndGlobalSection
	GlobalSection(ExtensibilityGlobals) = postSolution
		SolutionGuid = {83C521C3-5D72-4D9D-8047-CFB4086325DB}
	EndGlobalSection
EndGlobal
